// !$*UTF8*$!
{
	archiveVersion = 1;
	classes = {
	};
	objectVersion = 46;
	objects = {

/* Begin PBXBuildFile section */
		8F71A5AD17EB312C001E4292 /* UILabel+Geocoding.h in Headers */ = {isa = PBXBuildFile; fileRef = 8F71A5AB17EB312C001E4292 /* UILabel+Geocoding.h */; settings = {ATTRIBUTES = (); }; };
		8F71A5AE17EB312C001E4292 /* UILabel+Geocoding.m in Sources */ = {isa = PBXBuildFile; fileRef = 8F71A5AC17EB312C001E4292 /* UILabel+Geocoding.m */; };
		8F9C979317E98A1B00D6653E /* Foundation.framework in Frameworks */ = {isa = PBXBuildFile; fileRef = 8F9C979217E98A1B00D6653E /* Foundation.framework */; };
		8F9C97B517E9D39200D6653E /* NotificationConstants.m in Sources */ = {isa = PBXBuildFile; fileRef = 8F9C97A417E9D39200D6653E /* NotificationConstants.m */; };
		8F9C97B617E9D39200D6653E /* TTTLocationFormatter.m in Sources */ = {isa = PBXBuildFile; fileRef = 8F9C97A617E9D39200D6653E /* TTTLocationFormatter.m */; };
		8F9C97B717E9D39200D6653E /* CFAroundGeocoder.m in Sources */ = {isa = PBXBuildFile; fileRef = 8F9C97A917E9D39200D6653E /* CFAroundGeocoder.m */; };
		8F9C97B817E9D39200D6653E /* CFAroundRouter.m in Sources */ = {isa = PBXBuildFile; fileRef = 8F9C97AB17E9D39200D6653E /* CFAroundRouter.m */; };
		8F9C97B917E9D39200D6653E /* Config.m in Sources */ = {isa = PBXBuildFile; fileRef = 8F9C97AC17E9D39200D6653E /* Config.m */; };
		8F9C97BA17E9D39200D6653E /* POI.m in Sources */ = {isa = PBXBuildFile; fileRef = 8F9C97AF17E9D39200D6653E /* POI.m */; };
		8F9C97BB17E9D39200D6653E /* CategoryDataLoader.m in Sources */ = {isa = PBXBuildFile; fileRef = 8F9C97B017E9D39200D6653E /* CategoryDataLoader.m */; };
		8F9C97DE17E9D43400D6653E /* CoreLocation.framework in Frameworks */ = {isa = PBXBuildFile; fileRef = 8F9C97DD17E9D43400D6653E /* CoreLocation.framework */; };
		8F9C97E017E9D43800D6653E /* CoreGraphics.framework in Frameworks */ = {isa = PBXBuildFile; fileRef = 8F9C97DF17E9D43800D6653E /* CoreGraphics.framework */; };
		8F9C97E517E9D48000D6653E /* SystemConfiguration.framework in Frameworks */ = {isa = PBXBuildFile; fileRef = 8F9C97E417E9D48000D6653E /* SystemConfiguration.framework */; };
		8F9C97E717E9D4EF00D6653E /* UIKit.framework in Frameworks */ = {isa = PBXBuildFile; fileRef = 8F9C97E617E9D4EF00D6653E /* UIKit.framework */; };
		8F9C97F917E9D55000D6653E /* NotificationConstants.h in Headers */ = {isa = PBXBuildFile; fileRef = 8F9C97A517E9D39200D6653E /* NotificationConstants.h */; settings = {ATTRIBUTES = (); }; };
		8F9C97FA17E9D55000D6653E /* TTTLocationFormatter.h in Headers */ = {isa = PBXBuildFile; fileRef = 8F9C97A717E9D39200D6653E /* TTTLocationFormatter.h */; settings = {ATTRIBUTES = (); }; };
		8F9C97FB17E9D55000D6653E /* CFAroundGeocoder.h in Headers */ = {isa = PBXBuildFile; fileRef = 8F9C97A817E9D39200D6653E /* CFAroundGeocoder.h */; settings = {ATTRIBUTES = (); }; };
		8F9C97FC17E9D55000D6653E /* CFAroundRouter.h in Headers */ = {isa = PBXBuildFile; fileRef = 8F9C97AA17E9D39200D6653E /* CFAroundRouter.h */; settings = {ATTRIBUTES = (); }; };
		8F9C97FD17E9D55000D6653E /* Config.h in Headers */ = {isa = PBXBuildFile; fileRef = 8F9C97AD17E9D39200D6653E /* Config.h */; settings = {ATTRIBUTES = (); }; };
		8F9C97FE17E9D55000D6653E /* POI.h in Headers */ = {isa = PBXBuildFile; fileRef = 8F9C97AE17E9D39200D6653E /* POI.h */; settings = {ATTRIBUTES = (); }; };
		8F9C97FF17E9D55000D6653E /* CategoryDataLoader.h in Headers */ = {isa = PBXBuildFile; fileRef = 8F9C97B117E9D39200D6653E /* CategoryDataLoader.h */; settings = {ATTRIBUTES = (); }; };
		8F9C980217E9D55000D6653E /* CFLocation.h in Headers */ = {isa = PBXBuildFile; fileRef = 8F9C979717E98A1B00D6653E /* CFLocation.h */; settings = {ATTRIBUTES = (); }; };
		8F9C98F117E9E5BD00D6653E /* Locater.h in Headers */ = {isa = PBXBuildFile; fileRef = 8F9C98EF17E9E5BD00D6653E /* Locater.h */; settings = {ATTRIBUTES = (); }; };
		8F9C98F217E9E5BD00D6653E /* Locater.m in Sources */ = {isa = PBXBuildFile; fileRef = 8F9C98F017E9E5BD00D6653E /* Locater.m */; };
/* End PBXBuildFile section */

/* Begin PBXCopyFilesBuildPhase section */
		8F9C978D17E98A1B00D6653E /* CopyFiles */ = {
			isa = PBXCopyFilesBuildPhase;
			buildActionMask = 2147483647;
			dstPath = "include/${PRODUCT_NAME}";
			dstSubfolderSpec = 16;
			files = (
			);
			runOnlyForDeploymentPostprocessing = 0;
		};
/* End PBXCopyFilesBuildPhase section */

/* Begin PBXFileReference section */
		8F71A5AB17EB312C001E4292 /* UILabel+Geocoding.h */ = {isa = PBXFileReference; fileEncoding = 4; lastKnownFileType = sourcecode.c.h; name = "UILabel+Geocoding.h"; path = "CFLocation/UILabel+Geocoding.h"; sourceTree = SOURCE_ROOT; };
		8F71A5AC17EB312C001E4292 /* UILabel+Geocoding.m */ = {isa = PBXFileReference; fileEncoding = 4; lastKnownFileType = sourcecode.c.objc; name = "UILabel+Geocoding.m"; path = "CFLocation/UILabel+Geocoding.m"; sourceTree = SOURCE_ROOT; };
		8F9C978F17E98A1B00D6653E /* libCFLocation.a */ = {isa = PBXFileReference; explicitFileType = archive.ar; includeInIndex = 0; path = libCFLocation.a; sourceTree = BUILT_PRODUCTS_DIR; };
		8F9C979217E98A1B00D6653E /* Foundation.framework */ = {isa = PBXFileReference; lastKnownFileType = wrapper.framework; name = Foundation.framework; path = System/Library/Frameworks/Foundation.framework; sourceTree = SDKROOT; };
		8F9C979617E98A1B00D6653E /* CFLocation-Prefix.pch */ = {isa = PBXFileReference; lastKnownFileType = sourcecode.c.h; path = "CFLocation-Prefix.pch"; sourceTree = "<group>"; };
		8F9C979717E98A1B00D6653E /* CFLocation.h */ = {isa = PBXFileReference; lastKnownFileType = sourcecode.c.h; path = CFLocation.h; sourceTree = "<group>"; };
		8F9C97A417E9D39200D6653E /* NotificationConstants.m */ = {isa = PBXFileReference; fileEncoding = 4; lastKnownFileType = sourcecode.c.objc; path = NotificationConstants.m; sourceTree = "<group>"; };
		8F9C97A517E9D39200D6653E /* NotificationConstants.h */ = {isa = PBXFileReference; fileEncoding = 4; lastKnownFileType = sourcecode.c.h; path = NotificationConstants.h; sourceTree = "<group>"; };
		8F9C97A617E9D39200D6653E /* TTTLocationFormatter.m */ = {isa = PBXFileReference; fileEncoding = 4; lastKnownFileType = sourcecode.c.objc; path = TTTLocationFormatter.m; sourceTree = "<group>"; };
		8F9C97A717E9D39200D6653E /* TTTLocationFormatter.h */ = {isa = PBXFileReference; fileEncoding = 4; lastKnownFileType = sourcecode.c.h; path = TTTLocationFormatter.h; sourceTree = "<group>"; };
		8F9C97A817E9D39200D6653E /* CFAroundGeocoder.h */ = {isa = PBXFileReference; fileEncoding = 4; lastKnownFileType = sourcecode.c.h; path = CFAroundGeocoder.h; sourceTree = "<group>"; };
		8F9C97A917E9D39200D6653E /* CFAroundGeocoder.m */ = {isa = PBXFileReference; fileEncoding = 4; lastKnownFileType = sourcecode.c.objc; path = CFAroundGeocoder.m; sourceTree = "<group>"; };
		8F9C97AA17E9D39200D6653E /* CFAroundRouter.h */ = {isa = PBXFileReference; fileEncoding = 4; lastKnownFileType = sourcecode.c.h; path = CFAroundRouter.h; sourceTree = "<group>"; };
		8F9C97AB17E9D39200D6653E /* CFAroundRouter.m */ = {isa = PBXFileReference; fileEncoding = 4; lastKnownFileType = sourcecode.c.objc; path = CFAroundRouter.m; sourceTree = "<group>"; };
		8F9C97AC17E9D39200D6653E /* Config.m */ = {isa = PBXFileReference; fileEncoding = 4; lastKnownFileType = sourcecode.c.objc; path = Config.m; sourceTree = "<group>"; };
		8F9C97AD17E9D39200D6653E /* Config.h */ = {isa = PBXFileReference; fileEncoding = 4; lastKnownFileType = sourcecode.c.h; path = Config.h; sourceTree = "<group>"; };
		8F9C97AE17E9D39200D6653E /* POI.h */ = {isa = PBXFileReference; fileEncoding = 4; lastKnownFileType = sourcecode.c.h; path = POI.h; sourceTree = "<group>"; };
		8F9C97AF17E9D39200D6653E /* POI.m */ = {isa = PBXFileReference; fileEncoding = 4; lastKnownFileType = sourcecode.c.objc; path = POI.m; sourceTree = "<group>"; };
		8F9C97B017E9D39200D6653E /* CategoryDataLoader.m */ = {isa = PBXFileReference; fileEncoding = 4; lastKnownFileType = sourcecode.c.objc; path = CategoryDataLoader.m; sourceTree = "<group>"; };
		8F9C97B117E9D39200D6653E /* CategoryDataLoader.h */ = {isa = PBXFileReference; fileEncoding = 4; lastKnownFileType = sourcecode.c.h; path = CategoryDataLoader.h; sourceTree = "<group>"; };
		8F9C97B417E9D39200D6653E /* jsonfix.txt */ = {isa = PBXFileReference; fileEncoding = 4; lastKnownFileType = text; path = jsonfix.txt; sourceTree = "<group>"; };
		8F9C97DD17E9D43400D6653E /* CoreLocation.framework */ = {isa = PBXFileReference; lastKnownFileType = wrapper.framework; name = CoreLocation.framework; path = System/Library/Frameworks/CoreLocation.framework; sourceTree = SDKROOT; };
		8F9C97DF17E9D43800D6653E /* CoreGraphics.framework */ = {isa = PBXFileReference; lastKnownFileType = wrapper.framework; name = CoreGraphics.framework; path = System/Library/Frameworks/CoreGraphics.framework; sourceTree = SDKROOT; };
		8F9C97E417E9D48000D6653E /* SystemConfiguration.framework */ = {isa = PBXFileReference; lastKnownFileType = wrapper.framework; name = SystemConfiguration.framework; path = System/Library/Frameworks/SystemConfiguration.framework; sourceTree = SDKROOT; };
		8F9C97E617E9D4EF00D6653E /* UIKit.framework */ = {isa = PBXFileReference; lastKnownFileType = wrapper.framework; name = UIKit.framework; path = System/Library/Frameworks/UIKit.framework; sourceTree = SDKROOT; };
		8F9C98EF17E9E5BD00D6653E /* Locater.h */ = {isa = PBXFileReference; fileEncoding = 4; lastKnownFileType = sourcecode.c.h; name = Locater.h; path = CFLocation/Locater.h; sourceTree = SOURCE_ROOT; };
		8F9C98F017E9E5BD00D6653E /* Locater.m */ = {isa = PBXFileReference; fileEncoding = 4; lastKnownFileType = sourcecode.c.objc; name = Locater.m; path = CFLocation/Locater.m; sourceTree = SOURCE_ROOT; };
/* End PBXFileReference section */

/* Begin PBXFrameworksBuildPhase section */
		8F9C978C17E98A1B00D6653E /* Frameworks */ = {
			isa = PBXFrameworksBuildPhase;
			buildActionMask = 2147483647;
			files = (
				8F9C97E717E9D4EF00D6653E /* UIKit.framework in Frameworks */,
				8F9C97E517E9D48000D6653E /* SystemConfiguration.framework in Frameworks */,
				8F9C97E017E9D43800D6653E /* CoreGraphics.framework in Frameworks */,
				8F9C97DE17E9D43400D6653E /* CoreLocation.framework in Frameworks */,
				8F9C979317E98A1B00D6653E /* Foundation.framework in Frameworks */,
			);
			runOnlyForDeploymentPostprocessing = 0;
		};
/* End PBXFrameworksBuildPhase section */

/* Begin PBXGroup section */
		8F9C978417E98A1B00D6653E = {
			isa = PBXGroup;
			children = (
				8F9C979417E98A1B00D6653E /* CFLocation */,
				8F9C979117E98A1B00D6653E /* Frameworks */,
				8F9C979017E98A1B00D6653E /* Products */,
			);
			sourceTree = "<group>";
		};
		8F9C979017E98A1B00D6653E /* Products */ = {
			isa = PBXGroup;
			children = (
				8F9C978F17E98A1B00D6653E /* libCFLocation.a */,
			);
			name = Products;
			sourceTree = "<group>";
		};
		8F9C979117E98A1B00D6653E /* Frameworks */ = {
			isa = PBXGroup;
			children = (
				8F9C97E617E9D4EF00D6653E /* UIKit.framework */,
				8F9C97E417E9D48000D6653E /* SystemConfiguration.framework */,
				8F9C97DF17E9D43800D6653E /* CoreGraphics.framework */,
				8F9C97DD17E9D43400D6653E /* CoreLocation.framework */,
				8F9C979217E98A1B00D6653E /* Foundation.framework */,
			);
			name = Frameworks;
			sourceTree = "<group>";
		};
		8F9C979417E98A1B00D6653E /* CFLocation */ = {
			isa = PBXGroup;
			children = (
				8F9C97BC17E9D39A00D6653E /* Source */,
				8F9C979717E98A1B00D6653E /* CFLocation.h */,
				8F9C979517E98A1B00D6653E /* Supporting Files */,
			);
			path = CFLocation;
			sourceTree = "<group>";
		};
		8F9C979517E98A1B00D6653E /* Supporting Files */ = {
			isa = PBXGroup;
			children = (
				8F9C979617E98A1B00D6653E /* CFLocation-Prefix.pch */,
			);
			name = "Supporting Files";
			sourceTree = "<group>";
		};
		8F9C97BC17E9D39A00D6653E /* Source */ = {
			isa = PBXGroup;
			children = (
				8F9C97BF17E9D3B100D6653E /* GpsLocation */,
				8F9C97C017E9D3C100D6653E /* MapSearch */,
				8F9C97B417E9D39200D6653E /* jsonfix.txt */,
			);
			name = Source;
			sourceTree = "<group>";
		};
		8F9C97BF17E9D3B100D6653E /* GpsLocation */ = {
			isa = PBXGroup;
			children = (
				8F71A5AB17EB312C001E4292 /* UILabel+Geocoding.h */,
				8F71A5AC17EB312C001E4292 /* UILabel+Geocoding.m */,
				8F9C98EF17E9E5BD00D6653E /* Locater.h */,
				8F9C98F017E9E5BD00D6653E /* Locater.m */,
			);
			name = GpsLocation;
			path = ../../Library/ConceptCommon/ConceptCommon;
			sourceTree = "<group>";
		};
		8F9C97C017E9D3C100D6653E /* MapSearch */ = {
			isa = PBXGroup;
			children = (
				8F9C97A417E9D39200D6653E /* NotificationConstants.m */,
				8F9C97A517E9D39200D6653E /* NotificationConstants.h */,
				8F9C97A617E9D39200D6653E /* TTTLocationFormatter.m */,
				8F9C97A717E9D39200D6653E /* TTTLocationFormatter.h */,
				8F9C97A817E9D39200D6653E /* CFAroundGeocoder.h */,
				8F9C97A917E9D39200D6653E /* CFAroundGeocoder.m */,
				8F9C97AA17E9D39200D6653E /* CFAroundRouter.h */,
				8F9C97AB17E9D39200D6653E /* CFAroundRouter.m */,
				8F9C97AC17E9D39200D6653E /* Config.m */,
				8F9C97AD17E9D39200D6653E /* Config.h */,
				8F9C97AE17E9D39200D6653E /* POI.h */,
				8F9C97AF17E9D39200D6653E /* POI.m */,
				8F9C97B017E9D39200D6653E /* CategoryDataLoader.m */,
				8F9C97B117E9D39200D6653E /* CategoryDataLoader.h */,
			);
			name = MapSearch;
			sourceTree = "<group>";
		};
/* End PBXGroup section */

/* Begin PBXHeadersBuildPhase section */
		8F9C97E817E9D52A00D6653E /* Headers */ = {
			isa = PBXHeadersBuildPhase;
			buildActionMask = 2147483647;
			files = (
				8F9C980217E9D55000D6653E /* CFLocation.h in Headers */,
				8F9C97F917E9D55000D6653E /* NotificationConstants.h in Headers */,
				8F9C97FA17E9D55000D6653E /* TTTLocationFormatter.h in Headers */,
				8F9C97FB17E9D55000D6653E /* CFAroundGeocoder.h in Headers */,
				8F9C97FC17E9D55000D6653E /* CFAroundRouter.h in Headers */,
				8F9C97FD17E9D55000D6653E /* Config.h in Headers */,
				8F9C97FE17E9D55000D6653E /* POI.h in Headers */,
				8F9C97FF17E9D55000D6653E /* CategoryDataLoader.h in Headers */,
				8F71A5AD17EB312C001E4292 /* UILabel+Geocoding.h in Headers */,
				8F9C98F117E9E5BD00D6653E /* Locater.h in Headers */,
			);
			runOnlyForDeploymentPostprocessing = 0;
		};
/* End PBXHeadersBuildPhase section */

/* Begin PBXNativeTarget section */
		8F9C978E17E98A1B00D6653E /* CFLocation */ = {
			isa = PBXNativeTarget;
			buildConfigurationList = 8F9C979D17E98A1B00D6653E /* Build configuration list for PBXNativeTarget "CFLocation" */;
			buildPhases = (
				8F9C978B17E98A1B00D6653E /* Sources */,
				8F9C978C17E98A1B00D6653E /* Frameworks */,
				8F9C978D17E98A1B00D6653E /* CopyFiles */,
				8F9C97E817E9D52A00D6653E /* Headers */,
			);
			buildRules = (
			);
			dependencies = (
			);
			name = CFLocation;
			productName = CFLocation;
			productReference = 8F9C978F17E98A1B00D6653E /* libCFLocation.a */;
			productType = "com.apple.product-type.library.static";
		};
/* End PBXNativeTarget section */

/* Begin PBXProject section */
		8F9C978617E98A1B00D6653E /* Project object */ = {
			isa = PBXProject;
			attributes = {
				LastUpgradeCheck = 0450;
				ORGANIZATIONNAME = "Selim Bakdemir";
			};
			buildConfigurationList = 8F9C978917E98A1B00D6653E /* Build configuration list for PBXProject "CFLocation" */;
			compatibilityVersion = "Xcode 3.2";
			developmentRegion = English;
			hasScannedForEncodings = 0;
			knownRegions = (
				en,
			);
			mainGroup = 8F9C978417E98A1B00D6653E;
			productRefGroup = 8F9C979017E98A1B00D6653E /* Products */;
			projectDirPath = "";
			projectRoot = "";
			targets = (
				8F9C978E17E98A1B00D6653E /* CFLocation */,
			);
		};
/* End PBXProject section */

/* Begin PBXSourcesBuildPhase section */
		8F9C978B17E98A1B00D6653E /* Sources */ = {
			isa = PBXSourcesBuildPhase;
			buildActionMask = 2147483647;
			files = (
				8F9C97B517E9D39200D6653E /* NotificationConstants.m in Sources */,
				8F9C97B617E9D39200D6653E /* TTTLocationFormatter.m in Sources */,
				8F9C97B717E9D39200D6653E /* CFAroundGeocoder.m in Sources */,
				8F9C97B817E9D39200D6653E /* CFAroundRouter.m in Sources */,
				8F9C97B917E9D39200D6653E /* Config.m in Sources */,
				8F9C97BA17E9D39200D6653E /* POI.m in Sources */,
				8F9C97BB17E9D39200D6653E /* CategoryDataLoader.m in Sources */,
				8F9C98F217E9E5BD00D6653E /* Locater.m in Sources */,
				8F71A5AE17EB312C001E4292 /* UILabel+Geocoding.m in Sources */,
			);
			runOnlyForDeploymentPostprocessing = 0;
		};
/* End PBXSourcesBuildPhase section */

/* Begin XCBuildConfiguration section */
		8F476D2417F07FF8002838A7 /* Distribution */ = {
			isa = XCBuildConfiguration;
			buildSettings = {
				ALWAYS_SEARCH_USER_PATHS = YES;
				CLANG_CXX_LANGUAGE_STANDARD = "gnu++0x";
				CLANG_CXX_LIBRARY = "libc++";
				CLANG_WARN_EMPTY_BODY = YES;
				CLANG_WARN__DUPLICATE_METHOD_MATCH = YES;
				COPY_PHASE_STRIP = YES;
				GCC_C_LANGUAGE_STANDARD = gnu99;
				GCC_WARN_ABOUT_RETURN_TYPE = YES;
				GCC_WARN_UNINITIALIZED_AUTOS = YES;
				GCC_WARN_UNUSED_VARIABLE = YES;
				IPHONEOS_DEPLOYMENT_TARGET = 5.0;
				OTHER_CFLAGS = "";
				OTHER_CPLUSPLUSFLAGS = "";
				OTHER_LDFLAGS = "";
				SDKROOT = iphoneos;
				SKIP_INSTALL = YES;
				USER_HEADER_SEARCH_PATHS = "$(BUILT_PRODUCTS_DIR)/**";
				VALIDATE_PRODUCT = YES;
			};
			name = Distribution;
		};
		8F476D2517F07FF8002838A7 /* Distribution */ = {
			isa = XCBuildConfiguration;
			buildSettings = {
				DSTROOT = /tmp/CFLocation.dst;
				GCC_PRECOMPILE_PREFIX_HEADER = YES;
				GCC_PREFIX_HEADER = "CFLocation/CFLocation-Prefix.pch";
				OTHER_CFLAGS = (
					"-DSBJson=CFSBJson",
					"-DJSON=CFJSON",
					"-DReachability=CFReachability",
				);
				OTHER_LDFLAGS = "";
				PRODUCT_NAME = "$(TARGET_NAME)";
				SKIP_INSTALL = YES;
				USER_HEADER_SEARCH_PATHS = "$(BUILT_PRODUCTS_DIR)/**";
			};
			name = Distribution;
		};
		8F9C979B17E98A1B00D6653E /* Debug */ = {
			isa = XCBuildConfiguration;
			buildSettings = {
				ALWAYS_SEARCH_USER_PATHS = YES;
				CLANG_CXX_LANGUAGE_STANDARD = "gnu++0x";
				CLANG_CXX_LIBRARY = "libc++";
				CLANG_WARN_EMPTY_BODY = YES;
				CLANG_WARN__DUPLICATE_METHOD_MATCH = YES;
				COPY_PHASE_STRIP = NO;
				GCC_C_LANGUAGE_STANDARD = gnu99;
				GCC_DYNAMIC_NO_PIC = NO;
				GCC_OPTIMIZATION_LEVEL = 0;
				GCC_PREPROCESSOR_DEFINITIONS = (
					"DEBUG=1",
					"$(inherited)",
				);
				GCC_SYMBOLS_PRIVATE_EXTERN = NO;
				GCC_WARN_ABOUT_RETURN_TYPE = YES;
				GCC_WARN_UNINITIALIZED_AUTOS = YES;
				GCC_WARN_UNUSED_VARIABLE = YES;
				IPHONEOS_DEPLOYMENT_TARGET = 5.0;
				ONLY_ACTIVE_ARCH = YES;
				OTHER_CFLAGS = "";
				OTHER_CPLUSPLUSFLAGS = "";
				OTHER_LDFLAGS = "";
				SDKROOT = iphoneos;
				SKIP_INSTALL = YES;
				USER_HEADER_SEARCH_PATHS = "$(BUILT_PRODUCTS_DIR)/**";
			};
			name = Debug;
		};
		8F9C979C17E98A1B00D6653E /* Release */ = {
			isa = XCBuildConfiguration;
			buildSettings = {
				ALWAYS_SEARCH_USER_PATHS = YES;
				CLANG_CXX_LANGUAGE_STANDARD = "gnu++0x";
				CLANG_CXX_LIBRARY = "libc++";
				CLANG_WARN_EMPTY_BODY = YES;
				CLANG_WARN__DUPLICATE_METHOD_MATCH = YES;
				COPY_PHASE_STRIP = YES;
				GCC_C_LANGUAGE_STANDARD = gnu99;
				GCC_WARN_ABOUT_RETURN_TYPE = YES;
				GCC_WARN_UNINITIALIZED_AUTOS = YES;
				GCC_WARN_UNUSED_VARIABLE = YES;
				IPHONEOS_DEPLOYMENT_TARGET = 5.0;
				OTHER_CFLAGS = "";
				OTHER_CPLUSPLUSFLAGS = "";
				OTHER_LDFLAGS = "";
				SDKROOT = iphoneos;
				SKIP_INSTALL = YES;
				USER_HEADER_SEARCH_PATHS = "$(BUILT_PRODUCTS_DIR)/**";
				VALIDATE_PRODUCT = YES;
			};
			name = Release;
		};
		8F9C979E17E98A1B00D6653E /* Debug */ = {
			isa = XCBuildConfiguration;
			buildSettings = {
				DSTROOT = /tmp/CFLocation.dst;
				GCC_PRECOMPILE_PREFIX_HEADER = YES;
				GCC_PREFIX_HEADER = "CFLocation/CFLocation-Prefix.pch";
				OTHER_CFLAGS = (
					"-DSBJson=CFSBJson",
					"-DJSON=CFJSON",
					"-DReachability=CFReachability",
				);
				OTHER_LDFLAGS = "";
				PRODUCT_NAME = "$(TARGET_NAME)";
				SKIP_INSTALL = YES;
				USER_HEADER_SEARCH_PATHS = "$(BUILT_PRODUCTS_DIR)/**";
			};
			name = Debug;
		};
		8F9C979F17E98A1B00D6653E /* Release */ = {
			isa = XCBuildConfiguration;
			buildSettings = {
				DSTROOT = /tmp/CFLocation.dst;
				GCC_PRECOMPILE_PREFIX_HEADER = YES;
				GCC_PREFIX_HEADER = "CFLocation/CFLocation-Prefix.pch";
				OTHER_CFLAGS = (
					"-DSBJson=CFSBJson",
					"-DJSON=CFJSON",
					"-DReachability=CFReachability",
				);
				OTHER_LDFLAGS = "";
				PRODUCT_NAME = "$(TARGET_NAME)";
				SKIP_INSTALL = YES;
				USER_HEADER_SEARCH_PATHS = "$(BUILT_PRODUCTS_DIR)/**";
			};
			name = Release;
		};
/* End XCBuildConfiguration section */

/* Begin XCConfigurationList section */
		8F9C978917E98A1B00D6653E /* Build configuration list for PBXProject "CFLocation" */ = {
			isa = XCConfigurationList;
			buildConfigurations = (
				8F9C979B17E98A1B00D6653E /* Debug */,
				8F9C979C17E98A1B00D6653E /* Release */,
				8F476D2417F07FF8002838A7 /* Distribution */,
			);
			defaultConfigurationIsVisible = 0;
			defaultConfigurationName = Release;
		};
		8F9C979D17E98A1B00D6653E /* Build configuration list for PBXNativeTarget "CFLocation" */ = {
			isa = XCConfigurationList;
			buildConfigurations = (
				8F9C979E17E98A1B00D6653E /* Debug */,
				8F9C979F17E98A1B00D6653E /* Release */,
				8F476D2517F07FF8002838A7 /* Distribution */,
			);
			defaultConfigurationIsVisible = 0;
			defaultConfigurationName = Release;
		};
/* End XCConfigurationList section */
	};
	rootObject = 8F9C978617E98A1B00D6653E /* Project object */;
}
